github.com/amplitude/analytics-go v1.3.1 h1:wvSuaZVzAB8NqospMITx1gKTWAZpcTXBB6Na2L6RNVM=
github.com/amplitude/analytics-go v1.3.1/go.mod h1:kAQG8OQ6aPOxZrEZ3+/NFCfxdYSyjqXZhgkjWFD3/vo=
github.com/barkimedes/go-deepcopy v0.0.0-20220514131651-17c30cfc62df h1:GSoSVRLoBaFpOOds6QyY1L8AX7uoY+Ln3BHc22W40X0=
github.com/barkimedes/go-deepcopy v0.0.0-20220514131651-17c30cfc62df/go.mod h1:hiVxq5OP2bUGBRNS3Z/bt/reCLFNbdcST6gISi1fiOM=
github.com/davecgh/go-spew v1.1.1 h1:vj9j/u1bqnvCEfJOwUhtlOARqs3+rkHYY13jYWTU97c=
github.com/davecgh/go-spew v1.1.1/go.mod h1:J7Y8YcW2NihsgmVo/mv3lAwl/skON4iLHjSsI+c5H38=
github.com/diegoholiveira/jsonlogic/v3 v3.9.0 h1:ZYx6tM8+1NRo0RwFpBmVxtmJnXs/f3rtIZo9t9dCk3Y=
github.com/diegoholiveira/jsonlogic/v3 v3.9.0/go.mod h1:OYRb6FSTVmMM+MNQ7ElmMsczyNSepw+OU4Z8emDSi4w=
github.com/google/uuid v1.6.0 h1:NIvaJDMOsjHA8n1jAhLSgzrAzy1Hgr+hNrb57e+94F0=
github.com/google/uuid v1.6.0/go.mod h1:TIyPZe4MgqvfeYDBFedMoGGpEw/LqOeaOT+nhxU+yHo=
github.com/jarcoal/httpmock v1.3.1 h1:iUx3whfZWVf3jT01hQTO/Eo5sAYtB2/rqaUuOtpInww=
github.com/jarcoal/httpmock v1.3.1/go.mod h1:3yb8rc4BI7TCBhFY8ng0gjuLKJNquuDNiPaZjnENuYg=
github.com/mixpanel/mixpanel-go/v2 v2.0.0 h1:5m5tY9frDdpapzcex+Bvpv4kOrdxviPmE6iVZwddqTE=
github.com/mixpanel/mixpanel-go/v2 v2.0.0/go.mod h1:B/xknOnHRhGbVu+LQjP7DZuc2nElfYYvHoiampMV0Jk=
github.com/plexusone/omni-amplitude v0.1.0 h1:nEbY4qQ657OsBw8zEYX1iV++WoQBgR1J4GzPruVEvLY=
github.com/plexusone/omni-amplitude v0.1.0/go.mod h1:NXK97fk81CM6zGQfwbPXyMARe0ftpVI4KydcFkkcYAg=
github.com/plexusone/omni-mixpanel v0.1.0 h1:NPcEMKuK8evKZwnIgtMFa0CkFi6PaXPdNc3L9N2LNcg=
github.com/plexusone/omni-mixpanel v0.1.0/go.mod h1:nU4lSca9SnnzyKLlhjXlaANJXBGEpKya/ock47vvGB0=
github.com/plexusone/omnidxi-core v0.1.0 h1:ST6nxEegenn5EjoAvxsQF79xseNKpTfIaT7U3VwvQvw=
github.com/plexusone/omnidxi-core v0.1.0/go.mod h1:LtItW72TCAJaAGtjQhRZvEdfSJXF8Rj8T0GrabvmZkE=
github.com/pmezard/go-difflib v1.0.0 h1:4DBwDE0NGyQoBHbLQYPwSUPoCMWR5BEzIk/f1lZbAQM=
github.com/pmezard/go-difflib v1.0.0/go.mod h1:iKH77koFhYxTK1pcRnkKkqfTogsbg7gZNVY4sRDYZ/4=
github.com/stretchr/objx v0.5.0 h1:1zr/of2m5FGMsad5YfcqgdqdWrIhu+EBEJRhR1U7z/c=
github.com/stretchr/objx v0.5.0/go.mod h1:Yh+to48EsGEfYuaHDzXPcE3xhTkx73EhmCGUpEOglKo=
github.com/stretchr/testify v1.10.0 h1:Xv5erBjTwe/5IxqUQTdXv5kgmIvbHo3QQyRwhJsOfJA=
github.com/stretchr/testify v1.10.0/go.mod h1:r2ic/lqez/lEtzL7wO/rwa5dbSLXVDPFyf8C91i36aY=
gopkg.in/yaml.v3 v3.0.1 h1:fxVm/GzAzEWqLHuvctI91KS9hhNmmWOoWu0XTYJS7CA=
gopkg.in/yaml.v3 v3.0.1/go.mod h1:K4uyk7z7BCEPqu6E+C64Yfv1cQ7kz7rIZviUmN+EgEM=
