github.com/amplitude/analytics-go v1.3.1 h1:wvSuaZVzAB8NqospMITx1gKTWAZpcTXBB6Na2L6RNVM=
github.com/amplitude/analytics-go v1.3.1/go.mod h1:kAQG8OQ6aPOxZrEZ3+/NFCfxdYSyjqXZhgkjWFD3/vo=
github.com/davecgh/go-spew v1.1.1 h1:vj9j/u1bqnvCEfJOwUhtlOARqs3+rkHYY13jYWTU97c=
github.com/davecgh/go-spew v1.1.1/go.mod h1:J7Y8YcW2NihsgmVo/mv3lAwl/skON4iLHjSsI+c5H38=
github.com/diegoholiveira/jsonlogic/v3 v3.10.1 h1:LfEloCfkty+LOkYbLRTw7FrrQGqX+BYuKtPqizmoQ7k=
github.com/diegoholiveira/jsonlogic/v3 v3.10.1/go.mod h1:mJcE63oWAS86KovXNXxyiBvJk8bvOaeGG7psnkzn9ms=
github.com/google/uuid v1.6.0 h1:NIvaJDMOsjHA8n1jAhLSgzrAzy1Hgr+hNrb57e+94F0=
github.com/google/uuid v1.6.0/go.mod h1:TIyPZe4MgqvfeYDBFedMoGGpEw/LqOeaOT+nhxU+yHo=
github.com/jarcoal/httpmock v1.3.1 h1:iUx3whfZWVf3jT01hQTO/Eo5sAYtB2/rqaUuOtpInww=
github.com/jarcoal/httpmock v1.3.1/go.mod h1:3yb8rc4BI7TCBhFY8ng0gjuLKJNquuDNiPaZjnENuYg=
github.com/mixpanel/mixpanel-go/v2 v2.0.0 h1:5m5tY9frDdpapzcex+Bvpv4kOrdxviPmE6iVZwddqTE=
github.com/mixpanel/mixpanel-go/v2 v2.0.0/go.mod h1:B/xknOnHRhGbVu+LQjP7DZuc2nElfYYvHoiampMV0Jk=
github.com/plexusone/omni-amplitude v0.1.0 h1:nEbY4qQ657OsBw8zEYX1iV++WoQBgR1J4GzPruVEvLY=
github.com/plexusone/omni-amplitude v0.1.0/go.mod h1:NXK97fk81CM6zGQfwbPXyMARe0ftpVI4KydcFkkcYAg=
github.com/plexusone/omni-mixpanel v0.1.1 h1:T+9cIK6t1jl5mvnUMfMFLHBNCXT7Og2vqQdhkarnzuY=
github.com/plexusone/omni-mixpanel v0.1.1/go.mod h1:ylCippk0qxL3+l7bBkC3LVBjmLYuCfp1dAKGzAi8ajI=
github.com/plexusone/omnidxi-core v0.1.0 h1:ST6nxEegenn5EjoAvxsQF79xseNKpTfIaT7U3VwvQvw=
github.com/plexusone/omnidxi-core v0.1.0/go.mod h1:LtItW72TCAJaAGtjQhRZvEdfSJXF8Rj8T0GrabvmZkE=
github.com/pmezard/go-difflib v1.0.0 h1:4DBwDE0NGyQoBHbLQYPwSUPoCMWR5BEzIk/f1lZbAQM=
github.com/pmezard/go-difflib v1.0.0/go.mod h1:iKH77koFhYxTK1pcRnkKkqfTogsbg7gZNVY4sRDYZ/4=
github.com/stretchr/objx v0.5.0 h1:1zr/of2m5FGMsad5YfcqgdqdWrIhu+EBEJRhR1U7z/c=
github.com/stretchr/objx v0.5.0/go.mod h1:Yh+to48EsGEfYuaHDzXPcE3xhTkx73EhmCGUpEOglKo=
github.com/stretchr/testify v1.11.1 h1:7s2iGBzp5EwR7/aIZr8ao5+dra3wiQyKjjFuvgVKu7U=
github.com/stretchr/testify v1.11.1/go.mod h1:wZwfW3scLgRK+23gO65QZefKpKQRnfz6sD981Nm4B6U=
gopkg.in/yaml.v3 v3.0.1 h1:fxVm/GzAzEWqLHuvctI91KS9hhNmmWOoWu0XTYJS7CA=
gopkg.in/yaml.v3 v3.0.1/go.mod h1:K4uyk7z7BCEPqu6E+C64Yfv1cQ7kz7rIZviUmN+EgEM=
